// !$*UTF8*$!
{
	archiveVersion = 1;
	classes = {
	};
	objectVersion = 46;
	objects = {

/* Begin PBXBuildFile section */
		67108E1115427E1900C59271 /* UIKit.framework in Frameworks */ = {isa = PBXBuildFile; fileRef = 67108E1015427E1900C59271 /* UIKit.framework */; };
		67108E1315427E1900C59271 /* Foundation.framework in Frameworks */ = {isa = PBXBuildFile; fileRef = 67108E1215427E1900C59271 /* Foundation.framework */; };
		67108E1515427E1900C59271 /* CoreGraphics.framework in Frameworks */ = {isa = PBXBuildFile; fileRef = 67108E1415427E1900C59271 /* CoreGraphics.framework */; };
		67108E1B15427E1900C59271 /* InfoPlist.strings in Resources */ = {isa = PBXBuildFile; fileRef = 67108E1915427E1900C59271 /* InfoPlist.strings */; };
		67108E1D15427E1900C59271 /* main.m in Sources */ = {isa = PBXBuildFile; fileRef = 67108E1C15427E1900C59271 /* main.m */; };
		67108E2115427E1900C59271 /* AppDelegate.m in Sources */ = {isa = PBXBuildFile; fileRef = 67108E2015427E1900C59271 /* AppDelegate.m */; };
		67108E2415427E1900C59271 /* MainStoryboard.storyboard in Resources */ = {isa = PBXBuildFile; fileRef = 67108E2215427E1900C59271 /* MainStoryboard.storyboard */; };
		67108E2715427E1900C59271 /* ViewController.m in Sources */ = {isa = PBXBuildFile; fileRef = 67108E2615427E1900C59271 /* ViewController.m */; };
		6758A6511542895D0003F49E /* QuartzCore.framework in Frameworks */ = {isa = PBXBuildFile; fileRef = 6758A6501542895D0003F49E /* QuartzCore.framework */; };
/* End PBXBuildFile section */

/* Begin PBXFileReference section */
		67108E0C15427E1900C59271 /* Gravity.app */ = {isa = PBXFileReference; explicitFileType = wrapper.application; includeInIndex = 0; path = Gravity.app; sourceTree = BUILT_PRODUCTS_DIR; };
		67108E1015427E1900C59271 /* UIKit.framework */ = {isa = PBXFileReference; lastKnownFileType = wrapper.framework; name = UIKit.framework; path = System/Library/Frameworks/UIKit.framework; sourceTree = SDKROOT; };
		67108E1215427E1900C59271 /* Foundation.framework */ = {isa = PBXFileReference; lastKnownFileType = wrapper.framework; name = Foundation.framework; path = System/Library/Frameworks/Foundation.framework; sourceTree = SDKROOT; };
		67108E1415427E1900C59271 /* CoreGraphics.framework */ = {isa = PBXFileReference; lastKnownFileType = wrapper.framework; name = CoreGraphics.framework; path = System/Library/Frameworks/CoreGraphics.framework; sourceTree = SDKROOT; };
		67108E1815427E1900C59271 /* Gravity-Info.plist */ = {isa = PBXFileReference; lastKnownFileType = text.plist.xml; path = "Gravity-Info.plist"; sourceTree = "<group>"; };
		67108E1A15427E1900C59271 /* en */ = {isa = PBXFileReference; lastKnownFileType = text.plist.strings; name = en; path = en.lproj/InfoPlist.strings; sourceTree = "<group>"; };
		67108E1C15427E1900C59271 /* main.m */ = {isa = PBXFileReference; lastKnownFileType = sourcecode.c.objc; path = main.m; sourceTree = "<group>"; };
		67108E1E15427E1900C59271 /* Gravity-Prefix.pch */ = {isa = PBXFileReference; lastKnownFileType = sourcecode.c.h; path = "Gravity-Prefix.pch"; sourceTree = "<group>"; };
		67108E1F15427E1900C59271 /* AppDelegate.h */ = {isa = PBXFileReference; lastKnownFileType = sourcecode.c.h; path = AppDelegate.h; sourceTree = "<group>"; };
		67108E2015427E1900C59271 /* AppDelegate.m */ = {isa = PBXFileReference; lastKnownFileType = sourcecode.c.objc; path = AppDelegate.m; sourceTree = "<group>"; };
		67108E2315427E1900C59271 /* en */ = {isa = PBXFileReference; lastKnownFileType = file.storyboard; name = en; path = en.lproj/MainStoryboard.storyboard; sourceTree = "<group>"; };
		67108E2515427E1900C59271 /* ViewController.h */ = {isa = PBXFileReference; lastKnownFileType = sourcecode.c.h; path = ViewController.h; sourceTree = "<group>"; };
		67108E2615427E1900C59271 /* ViewController.m */ = {isa = PBXFileReference; lastKnownFileType = sourcecode.c.objc; path = ViewController.m; sourceTree = "<group>"; };
		6758A6501542895D0003F49E /* QuartzCore.framework */ = {isa = PBXFileReference; lastKnownFileType = wrapper.framework; name = QuartzCore.framework; path = System/Library/Frameworks/QuartzCore.framework; sourceTree = SDKROOT; };
/* End PBXFileReference section */

/* Begin PBXFrameworksBuildPhase section */
		67108E0915427E1900C59271 /* Frameworks */ = {
			isa = PBXFrameworksBuildPhase;
			buildActionMask = 2147483647;
			files = (
				6758A6511542895D0003F49E /* QuartzCore.framework in Frameworks */,
				67108E1115427E1900C59271 /* UIKit.framework in Frameworks */,
				67108E1315427E1900C59271 /* Foundation.framework in Frameworks */,
				67108E1515427E1900C59271 /* CoreGraphics.framework in Frameworks */,
			);
			runOnlyForDeploymentPostprocessing = 0;
		};
/* End PBXFrameworksBuildPhase section */

/* Begin PBXGroup section */
		67108E0115427E1900C59271 = {
			isa = PBXGroup;
			children = (
				67108E1615427E1900C59271 /* Gravity */,
				67108E0F15427E1900C59271 /* Frameworks */,
				67108E0D15427E1900C59271 /* Products */,
			);
			sourceTree = "<group>";
		};
		67108E0D15427E1900C59271 /* Products */ = {
			isa = PBXGroup;
			children = (
				67108E0C15427E1900C59271 /* Gravity.app */,
			);
			name = Products;
			sourceTree = "<group>";
		};
		67108E0F15427E1900C59271 /* Frameworks */ = {
			isa = PBXGroup;
			children = (
				6758A6501542895D0003F49E /* QuartzCore.framework */,
				67108E1015427E1900C59271 /* UIKit.framework */,
				67108E1215427E1900C59271 /* Foundation.framework */,
				67108E1415427E1900C59271 /* CoreGraphics.framework */,
			);
			name = Frameworks;
			sourceTree = "<group>";
		};
		67108E1615427E1900C59271 /* Gravity */ = {
			isa = PBXGroup;
			children = (
				67108E1F15427E1900C59271 /* AppDelegate.h */,
				67108E2015427E1900C59271 /* AppDelegate.m */,
				67108E2215427E1900C59271 /* MainStoryboard.storyboard */,
				67108E2515427E1900C59271 /* ViewController.h */,
				67108E2615427E1900C59271 /* ViewController.m */,
				67108E1715427E1900C59271 /* Supporting Files */,
			);
			path = Gravity;
			sourceTree = "<group>";
		};
		67108E1715427E1900C59271 /* Supporting Files */ = {
			isa = PBXGroup;
			children = (
				67108E1815427E1900C59271 /* Gravity-Info.plist */,
				67108E1915427E1900C59271 /* InfoPlist.strings */,
				67108E1C15427E1900C59271 /* main.m */,
				67108E1E15427E1900C59271 /* Gravity-Prefix.pch */,
			);
			name = "Supporting Files";
			sourceTree = "<group>";
		};
/* End PBXGroup section */

/* Begin PBXNativeTarget section */
		67108E0B15427E1900C59271 /* Gravity */ = {
			isa = PBXNativeTarget;
			buildConfigurationList = 67108E2A15427E1900C59271 /* Build configuration list for PBXNativeTarget "Gravity" */;
			buildPhases = (
				67108E0815427E1900C59271 /* Sources */,
				67108E0915427E1900C59271 /* Frameworks */,
				67108E0A15427E1900C59271 /* Resources */,
			);
			buildRules = (
			);
			dependencies = (
			);
			name = Gravity;
			productName = Gravity;
			productReference = 67108E0C15427E1900C59271 /* Gravity.app */;
			productType = "com.apple.product-type.application";
		};
/* End PBXNativeTarget section */

/* Begin PBXProject section */
		67108E0315427E1900C59271 /* Project object */ = {
			isa = PBXProject;
			attributes = {
				LastUpgradeCheck = 0430;
			};
			buildConfigurationList = 67108E0615427E1900C59271 /* Build configuration list for PBXProject "Gravity" */;
			compatibilityVersion = "Xcode 3.2";
			developmentRegion = English;
			hasScannedForEncodings = 0;
			knownRegions = (
				en,
			);
			mainGroup = 67108E0115427E1900C59271;
			productRefGroup = 67108E0D15427E1900C59271 /* Products */;
			projectDirPath = "";
			projectRoot = "";
			targets = (
				67108E0B15427E1900C59271 /* Gravity */,
			);
		};
/* End PBXProject section */

/* Begin PBXResourcesBuildPhase section */
		67108E0A15427E1900C59271 /* Resources */ = {
			isa = PBXResourcesBuildPhase;
			buildActionMask = 2147483647;
			files = (
				67108E1B15427E1900C59271 /* InfoPlist.strings in Resources */,
				67108E2415427E1900C59271 /* MainStoryboard.storyboard in Resources */,
			);
			runOnlyForDeploymentPostprocessing = 0;
		};
/* End PBXResourcesBuildPhase section */

/* Begin PBXSourcesBuildPhase section */
		67108E0815427E1900C59271 /* Sources */ = {
			isa = PBXSourcesBuildPhase;
			buildActionMask = 2147483647;
			files = (
				67108E1D15427E1900C59271 /* main.m in Sources */,
				67108E2115427E1900C59271 /* AppDelegate.m in Sources */,
				67108E2715427E1900C59271 /* ViewController.m in Sources */,
			);
			runOnlyForDeploymentPostprocessing = 0;
		};
/* End PBXSourcesBuildPhase section */

/* Begin PBXVariantGroup section */
		67108E1915427E1900C59271 /* InfoPlist.strings */ = {
			isa = PBXVariantGroup;
			children = (
				67108E1A15427E1900C59271 /* en */,
			);
			name = InfoPlist.strings;
			sourceTree = "<group>";
		};
		67108E2215427E1900C59271 /* MainStoryboard.storyboard */ = {
			isa = PBXVariantGroup;
			children = (
				67108E2315427E1900C59271 /* en */,
			);
			name = MainStoryboard.storyboard;
			sourceTree = "<group>";
		};
/* End PBXVariantGroup section */

/* Begin XCBuildConfiguration section */
		67108E2815427E1900C59271 /* Debug */ = {
			isa = XCBuildConfiguration;
			buildSettings = {
				ALWAYS_SEARCH_USER_PATHS = NO;
				ARCHS = "$(ARCHS_STANDARD_32_BIT)";
				CLANG_ENABLE_OBJC_ARC = YES;
				"CODE_SIGN_IDENTITY[sdk=iphoneos*]" = "iPhone Developer";
				COPY_PHASE_STRIP = NO;
				GCC_C_LANGUAGE_STANDARD = gnu99;
				GCC_DYNAMIC_NO_PIC = NO;
				GCC_OPTIMIZATION_LEVEL = 0;
				GCC_PREPROCESSOR_DEFINITIONS = (
					"DEBUG=1",
					"$(inherited)",
				);
				GCC_SYMBOLS_PRIVATE_EXTERN = NO;
				GCC_VERSION = com.apple.compilers.llvm.clang.1_0;
				GCC_WARN_ABOUT_RETURN_TYPE = YES;
				GCC_WARN_UNINITIALIZED_AUTOS = YES;
				GCC_WARN_UNUSED_VARIABLE = YES;
				IPHONEOS_DEPLOYMENT_TARGET = 5.1;
				SDKROOT = iphoneos;
				TARGETED_DEVICE_FAMILY = 2;
			};
			name = Debug;
		};
		67108E2915427E1900C59271 /* Release */ = {
			isa = XCBuildConfiguration;
			buildSettings = {
				ALWAYS_SEARCH_USER_PATHS = NO;
				ARCHS = "$(ARCHS_STANDARD_32_BIT)";
				CLANG_ENABLE_OBJC_ARC = YES;
				"CODE_SIGN_IDENTITY[sdk=iphoneos*]" = "iPhone Developer";
				COPY_PHASE_STRIP = YES;
				GCC_C_LANGUAGE_STANDARD = gnu99;
				GCC_VERSION = com.apple.compilers.llvm.clang.1_0;
				GCC_WARN_ABOUT_RETURN_TYPE = YES;
				GCC_WARN_UNINITIALIZED_AUTOS = YES;
				GCC_WARN_UNUSED_VARIABLE = YES;
				IPHONEOS_DEPLOYMENT_TARGET = 5.1;
				OTHER_CFLAGS = "-DNS_BLOCK_ASSERTIONS=1";
				SDKROOT = iphoneos;
				TARGETED_DEVICE_FAMILY = 2;
				VALIDATE_PRODUCT = YES;
			};
			name = Release;
		};
		67108E2B15427E1900C59271 /* Debug */ = {
			isa = XCBuildConfiguration;
			buildSettings = {
				GCC_PRECOMPILE_PREFIX_HEADER = YES;
				GCC_PREFIX_HEADER = "Gravity/Gravity-Prefix.pch";
				INFOPLIST_FILE = "Gravity/Gravity-Info.plist";
				PRODUCT_NAME = "$(TARGET_NAME)";
				WRAPPER_EXTENSION = app;
			};
			name = Debug;
		};
		67108E2C15427E1900C59271 /* Release */ = {
			isa = XCBuildConfiguration;
			buildSettings = {
				GCC_PRECOMPILE_PREFIX_HEADER = YES;
				GCC_PREFIX_HEADER = "Gravity/Gravity-Prefix.pch";
				INFOPLIST_FILE = "Gravity/Gravity-Info.plist";
				PRODUCT_NAME = "$(TARGET_NAME)";
				WRAPPER_EXTENSION = app;
			};
			name = Release;
		};
/* End XCBuildConfiguration section */

/* Begin XCConfigurationList section */
		67108E0615427E1900C59271 /* Build configuration list for PBXProject "Gravity" */ = {
			isa = XCConfigurationList;
			buildConfigurations = (
				67108E2815427E1900C59271 /* Debug */,
				67108E2915427E1900C59271 /* Release */,
			);
			defaultConfigurationIsVisible = 0;
			defaultConfigurationName = Release;
		};
		67108E2A15427E1900C59271 /* Build configuration list for PBXNativeTarget "Gravity" */ = {
			isa = XCConfigurationList;
			buildConfigurations = (
				67108E2B15427E1900C59271 /* Debug */,
				67108E2C15427E1900C59271 /* Release */,
			);
			defaultConfigurationIsVisible = 0;
			defaultConfigurationName = Release;
		};
/* End XCConfigurationList section */
	};
	rootObject = 67108E0315427E1900C59271 /* Project object */;
}
